
Microsoft Visual Studio Solution File, Format Version 12.00
# Visual Studio Version 16
VisualStudioVersion = 16.0.30320.27
MinimumVisualStudioVersion = 10.0.40219.1
Project("{FAE04EC0-301F-11D3-BF4B-00C04F79EFBC}") = "DbUpIntro", "DbUpIntro\DbUpIntro.csproj", "{0D3A196E-D55F-4A14-87C1-40DBBFB170A8}"
EndProject
Global
	GlobalSection(SolutionConfigurationPlatforms) = preSolution
		Debug|Any CPU = Debug|Any CPU
		Release|Any CPU = Release|Any CPU
	EndGlobalSection
	GlobalSection(ProjectConfigurationPlatforms) = postSolution
		{0D3A196E-D55F-4A14-87C1-40DBBFB170A8}.Debug|Any CPU.ActiveCfg = Debug|Any CPU
		{0D3A196E-D55F-4A14-87C1-40DBBFB170A8}.Debug|Any CPU.Build.0 = Debug|Any CPU
		{0D3A196E-D55F-4A14-87C1-40DBBFB170A8}.Release|Any CPU.ActiveCfg = Release|Any CPU
		{0D3A196E-D55F-4A14-87C1-40DBBFB170A8}.Release|Any CPU.Build.0 = Release|Any CPU
	EndGlobalSection
	GlobalSection(SolutionProperties) = preSolution
		HideSolutionNode = FALSE
	EndGlobalSection
	GlobalSection(ExtensibilityGlobals) = postSolution
		SolutionGuid = {1738B857-113A-4BFA-A4B5-E4A78CD94D8F}
	EndGlobalSection
EndGlobal
